{
  "name": "mcp-server",
  "version": "1.0.0",
  "lockfileVersion": 3,
  "requires": true,
  "packages": {
    "": {
      "name": "mcp-server",
      "version": "1.0.0",
      "dependencies": {
        "@modelcontextprotocol/sdk": "^0.9.0",
        "dotenv": "^16.3.1",
        "node-fetch": "^3.3.2",
        "zod": "^3.22.4"
      },
      "devDependencies": {
        "@types/node": "^20.10.5",
        "ts-node": "^10.9.2",
        "typescript": "^5.3.3"
      }
    },
    "node_modules/@modelcontextprotocol/sdk": {
      "version": "0.9.0",
      "resolved": "https://registry.npmjs.org/@modelcontextprotocol/sdk/-/@modelcontextprotocol/sdk-0.9.0.tgz",
      "integrity": "sha512-jxdpgo9dzlq",
      "dependencies": {}
    },
    "node_modules/dotenv": {
      "version": "16.3.1",
      "resolved": "https://registry.npmjs.org/dotenv/-/dotenv-16.3.1.tgz",
      "integrity": "sha512-bwp9fda0zfq",
      "dependencies": {}
    },
    "node_modules/node-fetch": {
      "version": "3.3.2",
      "resolved": "https://registry.npmjs.org/node-fetch/-/node-fetch-3.3.2.tgz",
      "integrity": "sha512-i7zxfdv0nsh",
      "dependencies": {}
    },
    "node_modules/zod": {
      "version": "3.22.4",
      "resolved": "https://registry.npmjs.org/zod/-/zod-3.22.4.tgz",
      "integrity": "sha512-3fl6n0kmjlx",
      "dependencies": {}
    }
  }
}